// !$*UTF8*$!
{
	archiveVersion = 1;
	classes = {
	};
	objectVersion = 56;
	objects = {

/* Begin PBXBuildFile section */
		6A7729152C73E67400A41535 /* SectionController.swift in Sources */ = {isa = PBXBuildFile; fileRef = 6A7729142C73E67400A41535 /* SectionController.swift */; };
		6A812C6C2C7295CF00E252E6 /* AppDelegate.swift in Sources */ = {isa = PBXBuildFile; fileRef = 6A812C6B2C7295CF00E252E6 /* AppDelegate.swift */; };
		6A812C6E2C7295CF00E252E6 /* SceneDelegate.swift in Sources */ = {isa = PBXBuildFile; fileRef = 6A812C6D2C7295CF00E252E6 /* SceneDelegate.swift */; };
		6A812C702C7295CF00E252E6 /* ViewController.swift in Sources */ = {isa = PBXBuildFile; fileRef = 6A812C6F2C7295CF00E252E6 /* ViewController.swift */; };
		6A812C732C7295CF00E252E6 /* Base in Resources */ = {isa = PBXBuildFile; fileRef = 6A812C722C7295CF00E252E6 /* Base */; };
		6A812C752C7295D000E252E6 /* Assets.xcassets in Resources */ = {isa = PBXBuildFile; fileRef = 6A812C742C7295D000E252E6 /* Assets.xcassets */; };
		6A812C782C7295D000E252E6 /* Base in Resources */ = {isa = PBXBuildFile; fileRef = 6A812C772C7295D000E252E6 /* Base */; };
		6A812C832C7295D000E252E6 /* IGListKittTests.swift in Sources */ = {isa = PBXBuildFile; fileRef = 6A812C822C7295D000E252E6 /* IGListKittTests.swift */; };
		6A812C8D2C7295D000E252E6 /* IGListKittUITests.swift in Sources */ = {isa = PBXBuildFile; fileRef = 6A812C8C2C7295D000E252E6 /* IGListKittUITests.swift */; };
		6A812C8F2C7295D000E252E6 /* IGListKittUITestsLaunchTests.swift in Sources */ = {isa = PBXBuildFile; fileRef = 6A812C8E2C7295D000E252E6 /* IGListKittUITestsLaunchTests.swift */; };
		6A812C9D2C72960900E252E6 /* IGListKit in Frameworks */ = {isa = PBXBuildFile; productRef = 6A812C9C2C72960900E252E6 /* IGListKit */; };
		6A812C9F2C72970000E252E6 /* CollectionViewCell.swift in Sources */ = {isa = PBXBuildFile; fileRef = 6A812C9E2C72970000E252E6 /* CollectionViewCell.swift */; };
/* End PBXBuildFile section */

/* Begin PBXContainerItemProxy section */
		6A812C7F2C7295D000E252E6 /* PBXContainerItemProxy */ = {
			isa = PBXContainerItemProxy;
			containerPortal = 6A812C602C7295CF00E252E6 /* Project object */;
			proxyType = 1;
			remoteGlobalIDString = 6A812C672C7295CF00E252E6;
			remoteInfo = IGListKitt;
		};
		6A812C892C7295D000E252E6 /* PBXContainerItemProxy */ = {
			isa = PBXContainerItemProxy;
			containerPortal = 6A812C602C7295CF00E252E6 /* Project object */;
			proxyType = 1;
			remoteGlobalIDString = 6A812C672C7295CF00E252E6;
			remoteInfo = IGListKitt;
		};
/* End PBXContainerItemProxy section */

/* Begin PBXFileReference section */
		6A7729142C73E67400A41535 /* SectionController.swift */ = {isa = PBXFileReference; lastKnownFileType = sourcecode.swift; path = SectionController.swift; sourceTree = "<group>"; };
		6A812C682C7295CF00E252E6 /* IGListKitt.app */ = {isa = PBXFileReference; explicitFileType = wrapper.application; includeInIndex = 0; path = IGListKitt.app; sourceTree = BUILT_PRODUCTS_DIR; };
		6A812C6B2C7295CF00E252E6 /* AppDelegate.swift */ = {isa = PBXFileReference; lastKnownFileType = sourcecode.swift; path = AppDelegate.swift; sourceTree = "<group>"; };
		6A812C6D2C7295CF00E252E6 /* SceneDelegate.swift */ = {isa = PBXFileReference; lastKnownFileType = sourcecode.swift; path = SceneDelegate.swift; sourceTree = "<group>"; };
		6A812C6F2C7295CF00E252E6 /* ViewController.swift */ = {isa = PBXFileReference; lastKnownFileType = sourcecode.swift; path = ViewController.swift; sourceTree = "<group>"; };
		6A812C722C7295CF00E252E6 /* Base */ = {isa = PBXFileReference; lastKnownFileType = file.storyboard; name = Base; path = Base.lproj/Main.storyboard; sourceTree = "<group>"; };
		6A812C742C7295D000E252E6 /* Assets.xcassets */ = {isa = PBXFileReference; lastKnownFileType = folder.assetcatalog; path = Assets.xcassets; sourceTree = "<group>"; };
		6A812C772C7295D000E252E6 /* Base */ = {isa = PBXFileReference; lastKnownFileType = file.storyboard; name = Base; path = Base.lproj/LaunchScreen.storyboard; sourceTree = "<group>"; };
		6A812C792C7295D000E252E6 /* Info.plist */ = {isa = PBXFileReference; lastKnownFileType = text.plist.xml; path = Info.plist; sourceTree = "<group>"; };
		6A812C7E2C7295D000E252E6 /* IGListKittTests.xctest */ = {isa = PBXFileReference; explicitFileType = wrapper.cfbundle; includeInIndex = 0; path = IGListKittTests.xctest; sourceTree = BUILT_PRODUCTS_DIR; };
		6A812C822C7295D000E252E6 /* IGListKittTests.swift */ = {isa = PBXFileReference; lastKnownFileType = sourcecode.swift; path = IGListKittTests.swift; sourceTree = "<group>"; };
		6A812C882C7295D000E252E6 /* IGListKittUITests.xctest */ = {isa = PBXFileReference; explicitFileType = wrapper.cfbundle; includeInIndex = 0; path = IGListKittUITests.xctest; sourceTree = BUILT_PRODUCTS_DIR; };
		6A812C8C2C7295D000E252E6 /* IGListKittUITests.swift */ = {isa = PBXFileReference; lastKnownFileType = sourcecode.swift; path = IGListKittUITests.swift; sourceTree = "<group>"; };
		6A812C8E2C7295D000E252E6 /* IGListKittUITestsLaunchTests.swift */ = {isa = PBXFileReference; lastKnownFileType = sourcecode.swift; path = IGListKittUITestsLaunchTests.swift; sourceTree = "<group>"; };
		6A812C9E2C72970000E252E6 /* CollectionViewCell.swift */ = {isa = PBXFileReference; lastKnownFileType = sourcecode.swift; path = CollectionViewCell.swift; sourceTree = "<group>"; };
/* End PBXFileReference section */

/* Begin PBXFrameworksBuildPhase section */
		6A812C652C7295CF00E252E6 /* Frameworks */ = {
			isa = PBXFrameworksBuildPhase;
			buildActionMask = 2147483647;
			files = (
				6A812C9D2C72960900E252E6 /* IGListKit in Frameworks */,
			);
			runOnlyForDeploymentPostprocessing = 0;
		};
		6A812C7B2C7295D000E252E6 /* Frameworks */ = {
			isa = PBXFrameworksBuildPhase;
			buildActionMask = 2147483647;
			files = (
			);
			runOnlyForDeploymentPostprocessing = 0;
		};
		6A812C852C7295D000E252E6 /* Frameworks */ = {
			isa = PBXFrameworksBuildPhase;
			buildActionMask = 2147483647;
			files = (
			);
			runOnlyForDeploymentPostprocessing = 0;
		};
/* End PBXFrameworksBuildPhase section */

/* Begin PBXGroup section */
		6A812C5F2C7295CF00E252E6 = {
			isa = PBXGroup;
			children = (
				6A812C6A2C7295CF00E252E6 /* IGListKitt */,
				6A812C812C7295D000E252E6 /* IGListKittTests */,
				6A812C8B2C7295D000E252E6 /* IGListKittUITests */,
				6A812C692C7295CF00E252E6 /* Products */,
			);
			sourceTree = "<group>";
		};
		6A812C692C7295CF00E252E6 /* Products */ = {
			isa = PBXGroup;
			children = (
				6A812C682C7295CF00E252E6 /* IGListKitt.app */,
				6A812C7E2C7295D000E252E6 /* IGListKittTests.xctest */,
				6A812C882C7295D000E252E6 /* IGListKittUITests.xctest */,
			);
			name = Products;
			sourceTree = "<group>";
		};
		6A812C6A2C7295CF00E252E6 /* IGListKitt */ = {
			isa = PBXGroup;
			children = (
				6A812C6B2C7295CF00E252E6 /* AppDelegate.swift */,
				6A812C6D2C7295CF00E252E6 /* SceneDelegate.swift */,
				6A812C6F2C7295CF00E252E6 /* ViewController.swift */,
				6A812C9E2C72970000E252E6 /* CollectionViewCell.swift */,
				6A7729142C73E67400A41535 /* SectionController.swift */,
				6A812C712C7295CF00E252E6 /* Main.storyboard */,
				6A812C742C7295D000E252E6 /* Assets.xcassets */,
				6A812C762C7295D000E252E6 /* LaunchScreen.storyboard */,
				6A812C792C7295D000E252E6 /* Info.plist */,
			);
			path = IGListKitt;
			sourceTree = "<group>";
		};
		6A812C812C7295D000E252E6 /* IGListKittTests */ = {
			isa = PBXGroup;
			children = (
				6A812C822C7295D000E252E6 /* IGListKittTests.swift */,
			);
			path = IGListKittTests;
			sourceTree = "<group>";
		};
		6A812C8B2C7295D000E252E6 /* IGListKittUITests */ = {
			isa = PBXGroup;
			children = (
				6A812C8C2C7295D000E252E6 /* IGListKittUITests.swift */,
				6A812C8E2C7295D000E252E6 /* IGListKittUITestsLaunchTests.swift */,
			);
			path = IGListKittUITests;
			sourceTree = "<group>";
		};
/* End PBXGroup section */

/* Begin PBXNativeTarget section */
		6A812C672C7295CF00E252E6 /* IGListKitt */ = {
			isa = PBXNativeTarget;
			buildConfigurationList = 6A812C922C7295D000E252E6 /* Build configuration list for PBXNativeTarget "IGListKitt" */;
			buildPhases = (
				6A812C642C7295CF00E252E6 /* Sources */,
				6A812C652C7295CF00E252E6 /* Frameworks */,
				6A812C662C7295CF00E252E6 /* Resources */,
			);
			buildRules = (
			);
			dependencies = (
			);
			name = IGListKitt;
			packageProductDependencies = (
				6A812C9C2C72960900E252E6 /* IGListKit */,
			);
			productName = IGListKitt;
			productReference = 6A812C682C7295CF00E252E6 /* IGListKitt.app */;
			productType = "com.apple.product-type.application";
		};
		6A812C7D2C7295D000E252E6 /* IGListKittTests */ = {
			isa = PBXNativeTarget;
			buildConfigurationList = 6A812C952C7295D000E252E6 /* Build configuration list for PBXNativeTarget "IGListKittTests" */;
			buildPhases = (
				6A812C7A2C7295D000E252E6 /* Sources */,
				6A812C7B2C7295D000E252E6 /* Frameworks */,
				6A812C7C2C7295D000E252E6 /* Resources */,
			);
			buildRules = (
			);
			dependencies = (
				6A812C802C7295D000E252E6 /* PBXTargetDependency */,
			);
			name = IGListKittTests;
			productName = IGListKittTests;
			productReference = 6A812C7E2C7295D000E252E6 /* IGListKittTests.xctest */;
			productType = "com.apple.product-type.bundle.unit-test";
		};
		6A812C872C7295D000E252E6 /* IGListKittUITests */ = {
			isa = PBXNativeTarget;
			buildConfigurationList = 6A812C982C7295D000E252E6 /* Build configuration list for PBXNativeTarget "IGListKittUITests" */;
			buildPhases = (
				6A812C842C7295D000E252E6 /* Sources */,
				6A812C852C7295D000E252E6 /* Frameworks */,
				6A812C862C7295D000E252E6 /* Resources */,
			);
			buildRules = (
			);
			dependencies = (
				6A812C8A2C7295D000E252E6 /* PBXTargetDependency */,
			);
			name = IGListKittUITests;
			productName = IGListKittUITests;
			productReference = 6A812C882C7295D000E252E6 /* IGListKittUITests.xctest */;
			productType = "com.apple.product-type.bundle.ui-testing";
		};
/* End PBXNativeTarget section */

/* Begin PBXProject section */
		6A812C602C7295CF00E252E6 /* Project object */ = {
			isa = PBXProject;
			attributes = {
				BuildIndependentTargetsInParallel = 1;
				LastSwiftUpdateCheck = 1540;
				LastUpgradeCheck = 1540;
				TargetAttributes = {
					6A812C672C7295CF00E252E6 = {
						CreatedOnToolsVersion = 15.4;
					};
					6A812C7D2C7295D000E252E6 = {
						CreatedOnToolsVersion = 15.4;
						TestTargetID = 6A812C672C7295CF00E252E6;
					};
					6A812C872C7295D000E252E6 = {
						CreatedOnToolsVersion = 15.4;
						TestTargetID = 6A812C672C7295CF00E252E6;
					};
				};
			};
			buildConfigurationList = 6A812C632C7295CF00E252E6 /* Build configuration list for PBXProject "IGListKitt" */;
			compatibilityVersion = "Xcode 14.0";
			developmentRegion = en;
			hasScannedForEncodings = 0;
			knownRegions = (
				en,
				Base,
			);
			mainGroup = 6A812C5F2C7295CF00E252E6;
			packageReferences = (
				6A812C9B2C72960900E252E6 /* XCRemoteSwiftPackageReference "IGListKit" */,
			);
			productRefGroup = 6A812C692C7295CF00E252E6 /* Products */;
			projectDirPath = "";
			projectRoot = "";
			targets = (
				6A812C672C7295CF00E252E6 /* IGListKitt */,
				6A812C7D2C7295D000E252E6 /* IGListKittTests */,
				6A812C872C7295D000E252E6 /* IGListKittUITests */,
			);
		};
/* End PBXProject section */

/* Begin PBXResourcesBuildPhase section */
		6A812C662C7295CF00E252E6 /* Resources */ = {
			isa = PBXResourcesBuildPhase;
			buildActionMask = 2147483647;
			files = (
				6A812C752C7295D000E252E6 /* Assets.xcassets in Resources */,
				6A812C782C7295D000E252E6 /* Base in Resources */,
				6A812C732C7295CF00E252E6 /* Base in Resources */,
			);
			runOnlyForDeploymentPostprocessing = 0;
		};
		6A812C7C2C7295D000E252E6 /* Resources */ = {
			isa = PBXResourcesBuildPhase;
			buildActionMask = 2147483647;
			files = (
			);
			runOnlyForDeploymentPostprocessing = 0;
		};
		6A812C862C7295D000E252E6 /* Resources */ = {
			isa = PBXResourcesBuildPhase;
			buildActionMask = 2147483647;
			files = (
			);
			runOnlyForDeploymentPostprocessing = 0;
		};
/* End PBXResourcesBuildPhase section */

/* Begin PBXSourcesBuildPhase section */
		6A812C642C7295CF00E252E6 /* Sources */ = {
			isa = PBXSourcesBuildPhase;
			buildActionMask = 2147483647;
			files = (
				6A7729152C73E67400A41535 /* SectionController.swift in Sources */,
				6A812C702C7295CF00E252E6 /* ViewController.swift in Sources */,
				6A812C6C2C7295CF00E252E6 /* AppDelegate.swift in Sources */,
				6A812C9F2C72970000E252E6 /* CollectionViewCell.swift in Sources */,
				6A812C6E2C7295CF00E252E6 /* SceneDelegate.swift in Sources */,
			);
			runOnlyForDeploymentPostprocessing = 0;
		};
		6A812C7A2C7295D000E252E6 /* Sources */ = {
			isa = PBXSourcesBuildPhase;
			buildActionMask = 2147483647;
			files = (
				6A812C832C7295D000E252E6 /* IGListKittTests.swift in Sources */,
			);
			runOnlyForDeploymentPostprocessing = 0;
		};
		6A812C842C7295D000E252E6 /* Sources */ = {
			isa = PBXSourcesBuildPhase;
			buildActionMask = 2147483647;
			files = (
				6A812C8F2C7295D000E252E6 /* IGListKittUITestsLaunchTests.swift in Sources */,
				6A812C8D2C7295D000E252E6 /* IGListKittUITests.swift in Sources */,
			);
			runOnlyForDeploymentPostprocessing = 0;
		};
/* End PBXSourcesBuildPhase section */

/* Begin PBXTargetDependency section */
		6A812C802C7295D000E252E6 /* PBXTargetDependency */ = {
			isa = PBXTargetDependency;
			target = 6A812C672C7295CF00E252E6 /* IGListKitt */;
			targetProxy = 6A812C7F2C7295D000E252E6 /* PBXContainerItemProxy */;
		};
		6A812C8A2C7295D000E252E6 /* PBXTargetDependency */ = {
			isa = PBXTargetDependency;
			target = 6A812C672C7295CF00E252E6 /* IGListKitt */;
			targetProxy = 6A812C892C7295D000E252E6 /* PBXContainerItemProxy */;
		};
/* End PBXTargetDependency section */

/* Begin PBXVariantGroup section */
		6A812C712C7295CF00E252E6 /* Main.storyboard */ = {
			isa = PBXVariantGroup;
			children = (
				6A812C722C7295CF00E252E6 /* Base */,
			);
			name = Main.storyboard;
			sourceTree = "<group>";
		};
		6A812C762C7295D000E252E6 /* LaunchScreen.storyboard */ = {
			isa = PBXVariantGroup;
			children = (
				6A812C772C7295D000E252E6 /* Base */,
			);
			name = LaunchScreen.storyboard;
			sourceTree = "<group>";
		};
/* End PBXVariantGroup section */

/* Begin XCBuildConfiguration section */
		6A812C902C7295D000E252E6 /* Debug */ = {
			isa = XCBuildConfiguration;
			buildSettings = {
				ALWAYS_SEARCH_USER_PATHS = NO;
				ASSETCATALOG_COMPILER_GENERATE_SWIFT_ASSET_SYMBOL_EXTENSIONS = YES;
				CLANG_ANALYZER_NONNULL = YES;
				CLANG_ANALYZER_NUMBER_OBJECT_CONVERSION = YES_AGGRESSIVE;
				CLANG_CXX_LANGUAGE_STANDARD = "gnu++20";
				CLANG_ENABLE_MODULES = YES;
				CLANG_ENABLE_OBJC_ARC = YES;
				CLANG_ENABLE_OBJC_WEAK = YES;
				CLANG_WARN_BLOCK_CAPTURE_AUTORELEASING = YES;
				CLANG_WARN_BOOL_CONVERSION = YES;
				CLANG_WARN_COMMA = YES;
				CLANG_WARN_CONSTANT_CONVERSION = YES;
				CLANG_WARN_DEPRECATED_OBJC_IMPLEMENTATIONS = YES;
				CLANG_WARN_DIRECT_OBJC_ISA_USAGE = YES_ERROR;
				CLANG_WARN_DOCUMENTATION_COMMENTS = YES;
				CLANG_WARN_EMPTY_BODY = YES;
				CLANG_WARN_ENUM_CONVERSION = YES;
				CLANG_WARN_INFINITE_RECURSION = YES;
				CLANG_WARN_INT_CONVERSION = YES;
				CLANG_WARN_NON_LITERAL_NULL_CONVERSION = YES;
				CLANG_WARN_OBJC_IMPLICIT_RETAIN_SELF = YES;
				CLANG_WARN_OBJC_LITERAL_CONVERSION = YES;
				CLANG_WARN_OBJC_ROOT_CLASS = YES_ERROR;
				CLANG_WARN_QUOTED_INCLUDE_IN_FRAMEWORK_HEADER = YES;
				CLANG_WARN_RANGE_LOOP_ANALYSIS = YES;
				CLANG_WARN_STRICT_PROTOTYPES = YES;
				CLANG_WARN_SUSPICIOUS_MOVE = YES;
				CLANG_WARN_UNGUARDED_AVAILABILITY = YES_AGGRESSIVE;
				CLANG_WARN_UNREACHABLE_CODE = YES;
				CLANG_WARN__DUPLICATE_METHOD_MATCH = YES;
				COPY_PHASE_STRIP = NO;
				DEBUG_INFORMATION_FORMAT = dwarf;
				ENABLE_STRICT_OBJC_MSGSEND = YES;
				ENABLE_TESTABILITY = YES;
				ENABLE_USER_SCRIPT_SANDBOXING = YES;
				GCC_C_LANGUAGE_STANDARD = gnu17;
				GCC_DYNAMIC_NO_PIC = NO;
				GCC_NO_COMMON_BLOCKS = YES;
				GCC_OPTIMIZATION_LEVEL = 0;
				GCC_PREPROCESSOR_DEFINITIONS = (
					"DEBUG=1",
					"$(inherited)",
				);
				GCC_WARN_64_TO_32_BIT_CONVERSION = YES;
				GCC_WARN_ABOUT_RETURN_TYPE = YES_ERROR;
				GCC_WARN_UNDECLARED_SELECTOR = YES;
				GCC_WARN_UNINITIALIZED_AUTOS = YES_AGGRESSIVE;
				GCC_WARN_UNUSED_FUNCTION = YES;
				GCC_WARN_UNUSED_VARIABLE = YES;
				IPHONEOS_DEPLOYMENT_TARGET = 17.5;
				LOCALIZATION_PREFERS_STRING_CATALOGS = YES;
				MTL_ENABLE_DEBUG_INFO = INCLUDE_SOURCE;
				MTL_FAST_MATH = YES;
				ONLY_ACTIVE_ARCH = YES;
				SDKROOT = iphoneos;
				SWIFT_ACTIVE_COMPILATION_CONDITIONS = "DEBUG $(inherited)";
				SWIFT_OPTIMIZATION_LEVEL = "-Onone";
			};
			name = Debug;
		};
		6A812C912C7295D000E252E6 /* Release */ = {
			isa = XCBuildConfiguration;
			buildSettings = {
				ALWAYS_SEARCH_USER_PATHS = NO;
				ASSETCATALOG_COMPILER_GENERATE_SWIFT_ASSET_SYMBOL_EXTENSIONS = YES;
				CLANG_ANALYZER_NONNULL = YES;
				CLANG_ANALYZER_NUMBER_OBJECT_CONVERSION = YES_AGGRESSIVE;
				CLANG_CXX_LANGUAGE_STANDARD = "gnu++20";
				CLANG_ENABLE_MODULES = YES;
				CLANG_ENABLE_OBJC_ARC = YES;
				CLANG_ENABLE_OBJC_WEAK = YES;
				CLANG_WARN_BLOCK_CAPTURE_AUTORELEASING = YES;
				CLANG_WARN_BOOL_CONVERSION = YES;
				CLANG_WARN_COMMA = YES;
				CLANG_WARN_CONSTANT_CONVERSION = YES;
				CLANG_WARN_DEPRECATED_OBJC_IMPLEMENTATIONS = YES;
				CLANG_WARN_DIRECT_OBJC_ISA_USAGE = YES_ERROR;
				CLANG_WARN_DOCUMENTATION_COMMENTS = YES;
				CLANG_WARN_EMPTY_BODY = YES;
				CLANG_WARN_ENUM_CONVERSION = YES;
				CLANG_WARN_INFINITE_RECURSION = YES;
				CLANG_WARN_INT_CONVERSION = YES;
				CLANG_WARN_NON_LITERAL_NULL_CONVERSION = YES;
				CLANG_WARN_OBJC_IMPLICIT_RETAIN_SELF = YES;
				CLANG_WARN_OBJC_LITERAL_CONVERSION = YES;
				CLANG_WARN_OBJC_ROOT_CLASS = YES_ERROR;
				CLANG_WARN_QUOTED_INCLUDE_IN_FRAMEWORK_HEADER = YES;
				CLANG_WARN_RANGE_LOOP_ANALYSIS = YES;
				CLANG_WARN_STRICT_PROTOTYPES = YES;
				CLANG_WARN_SUSPICIOUS_MOVE = YES;
				CLANG_WARN_UNGUARDED_AVAILABILITY = YES_AGGRESSIVE;
				CLANG_WARN_UNREACHABLE_CODE = YES;
				CLANG_WARN__DUPLICATE_METHOD_MATCH = YES;
				COPY_PHASE_STRIP = NO;
				DEBUG_INFORMATION_FORMAT = "dwarf-with-dsym";
				ENABLE_NS_ASSERTIONS = NO;
				ENABLE_STRICT_OBJC_MSGSEND = YES;
				ENABLE_USER_SCRIPT_SANDBOXING = YES;
				GCC_C_LANGUAGE_STANDARD = gnu17;
				GCC_NO_COMMON_BLOCKS = YES;
				GCC_WARN_64_TO_32_BIT_CONVERSION = YES;
				GCC_WARN_ABOUT_RETURN_TYPE = YES_ERROR;
				GCC_WARN_UNDECLARED_SELECTOR = YES;
				GCC_WARN_UNINITIALIZED_AUTOS = YES_AGGRESSIVE;
				GCC_WARN_UNUSED_FUNCTION = YES;
				GCC_WARN_UNUSED_VARIABLE = YES;
				IPHONEOS_DEPLOYMENT_TARGET = 17.5;
				LOCALIZATION_PREFERS_STRING_CATALOGS = YES;
				MTL_ENABLE_DEBUG_INFO = NO;
				MTL_FAST_MATH = YES;
				SDKROOT = iphoneos;
				SWIFT_COMPILATION_MODE = wholemodule;
				VALIDATE_PRODUCT = YES;
			};
			name = Release;
		};
		6A812C932C7295D000E252E6 /* Debug */ = {
			isa = XCBuildConfiguration;
			buildSettings = {
				ASSETCATALOG_COMPILER_APPICON_NAME = AppIcon;
				ASSETCATALOG_COMPILER_GLOBAL_ACCENT_COLOR_NAME = AccentColor;
				CODE_SIGN_STYLE = Automatic;
				CURRENT_PROJECT_VERSION = 1;
				DEVELOPMENT_TEAM = 244RFX44WS;
				GENERATE_INFOPLIST_FILE = YES;
				INFOPLIST_FILE = IGListKitt/Info.plist;
				INFOPLIST_KEY_UIApplicationSupportsIndirectInputEvents = YES;
				INFOPLIST_KEY_UILaunchStoryboardName = LaunchScreen;
				INFOPLIST_KEY_UIMainStoryboardFile = Main;
				INFOPLIST_KEY_UISupportedInterfaceOrientations_iPad = "UIInterfaceOrientationPortrait UIInterfaceOrientationPortraitUpsideDown UIInterfaceOrientationLandscapeLeft UIInterfaceOrientationLandscapeRight";
				INFOPLIST_KEY_UISupportedInterfaceOrientations_iPhone = "UIInterfaceOrientationPortrait UIInterfaceOrientationLandscapeLeft UIInterfaceOrientationLandscapeRight";
				LD_RUNPATH_SEARCH_PATHS = (
					"$(inherited)",
					"@executable_path/Frameworks",
				);
				MARKETING_VERSION = 1.0;
				PRODUCT_BUNDLE_IDENTIFIER = Saadet.IGListKitt;
				PRODUCT_NAME = "$(TARGET_NAME)";
				SWIFT_EMIT_LOC_STRINGS = YES;
				SWIFT_VERSION = 5.0;
				TARGETED_DEVICE_FAMILY = "1,2";
			};
			name = Debug;
		};
		6A812C942C7295D000E252E6 /* Release */ = {
			isa = XCBuildConfiguration;
			buildSettings = {
				ASSETCATALOG_COMPILER_APPICON_NAME = AppIcon;
				ASSETCATALOG_COMPILER_GLOBAL_ACCENT_COLOR_NAME = AccentColor;
				CODE_SIGN_STYLE = Automatic;
				CURRENT_PROJECT_VERSION = 1;
				DEVELOPMENT_TEAM = 244RFX44WS;
				GENERATE_INFOPLIST_FILE = YES;
				INFOPLIST_FILE = IGListKitt/Info.plist;
				INFOPLIST_KEY_UIApplicationSupportsIndirectInputEvents = YES;
				INFOPLIST_KEY_UILaunchStoryboardName = LaunchScreen;
				INFOPLIST_KEY_UIMainStoryboardFile = Main;
				INFOPLIST_KEY_UISupportedInterfaceOrientations_iPad = "UIInterfaceOrientationPortrait UIInterfaceOrientationPortraitUpsideDown UIInterfaceOrientationLandscapeLeft UIInterfaceOrientationLandscapeRight";
				INFOPLIST_KEY_UISupportedInterfaceOrientations_iPhone = "UIInterfaceOrientationPortrait UIInterfaceOrientationLandscapeLeft UIInterfaceOrientationLandscapeRight";
				LD_RUNPATH_SEARCH_PATHS = (
					"$(inherited)",
					"@executable_path/Frameworks",
				);
				MARKETING_VERSION = 1.0;
				PRODUCT_BUNDLE_IDENTIFIER = Saadet.IGListKitt;
				PRODUCT_NAME = "$(TARGET_NAME)";
				SWIFT_EMIT_LOC_STRINGS = YES;
				SWIFT_VERSION = 5.0;
				TARGETED_DEVICE_FAMILY = "1,2";
			};
			name = Release;
		};
		6A812C962C7295D000E252E6 /* Debug */ = {
			isa = XCBuildConfiguration;
			buildSettings = {
				ALWAYS_EMBED_SWIFT_STANDARD_LIBRARIES = YES;
				BUNDLE_LOADER = "$(TEST_HOST)";
				CODE_SIGN_STYLE = Automatic;
				CURRENT_PROJECT_VERSION = 1;
				DEVELOPMENT_TEAM = 244RFX44WS;
				GENERATE_INFOPLIST_FILE = YES;
				IPHONEOS_DEPLOYMENT_TARGET = 17.5;
				MARKETING_VERSION = 1.0;
				PRODUCT_BUNDLE_IDENTIFIER = Saadet.IGListKittTests;
				PRODUCT_NAME = "$(TARGET_NAME)";
				SWIFT_EMIT_LOC_STRINGS = NO;
				SWIFT_VERSION = 5.0;
				TARGETED_DEVICE_FAMILY = "1,2";
				TEST_HOST = "$(BUILT_PRODUCTS_DIR)/IGListKitt.app/$(BUNDLE_EXECUTABLE_FOLDER_PATH)/IGListKitt";
			};
			name = Debug;
		};
		6A812C972C7295D000E252E6 /* Release */ = {
			isa = XCBuildConfiguration;
			buildSettings = {
				ALWAYS_EMBED_SWIFT_STANDARD_LIBRARIES = YES;
				BUNDLE_LOADER = "$(TEST_HOST)";
				CODE_SIGN_STYLE = Automatic;
				CURRENT_PROJECT_VERSION = 1;
				DEVELOPMENT_TEAM = 244RFX44WS;
				GENERATE_INFOPLIST_FILE = YES;
				IPHONEOS_DEPLOYMENT_TARGET = 17.5;
				MARKETING_VERSION = 1.0;
				PRODUCT_BUNDLE_IDENTIFIER = Saadet.IGListKittTests;
				PRODUCT_NAME = "$(TARGET_NAME)";
				SWIFT_EMIT_LOC_STRINGS = NO;
				SWIFT_VERSION = 5.0;
				TARGETED_DEVICE_FAMILY = "1,2";
				TEST_HOST = "$(BUILT_PRODUCTS_DIR)/IGListKitt.app/$(BUNDLE_EXECUTABLE_FOLDER_PATH)/IGListKitt";
			};
			name = Release;
		};
		6A812C992C7295D000E252E6 /* Debug */ = {
			isa = XCBuildConfiguration;
			buildSettings = {
				ALWAYS_EMBED_SWIFT_STANDARD_LIBRARIES = YES;
				CODE_SIGN_STYLE = Automatic;
				CURRENT_PROJECT_VERSION = 1;
				DEVELOPMENT_TEAM = 244RFX44WS;
				GENERATE_INFOPLIST_FILE = YES;
				MARKETING_VERSION = 1.0;
				PRODUCT_BUNDLE_IDENTIFIER = Saadet.IGListKittUITests;
				PRODUCT_NAME = "$(TARGET_NAME)";
				SWIFT_EMIT_LOC_STRINGS = NO;
				SWIFT_VERSION = 5.0;
				TARGETED_DEVICE_FAMILY = "1,2";
				TEST_TARGET_NAME = IGListKitt;
			};
			name = Debug;
		};
		6A812C9A2C7295D000E252E6 /* Release */ = {
			isa = XCBuildConfiguration;
			buildSettings = {
				ALWAYS_EMBED_SWIFT_STANDARD_LIBRARIES = YES;
				CODE_SIGN_STYLE = Automatic;
				CURRENT_PROJECT_VERSION = 1;
				DEVELOPMENT_TEAM = 244RFX44WS;
				GENERATE_INFOPLIST_FILE = YES;
				MARKETING_VERSION = 1.0;
				PRODUCT_BUNDLE_IDENTIFIER = Saadet.IGListKittUITests;
				PRODUCT_NAME = "$(TARGET_NAME)";
				SWIFT_EMIT_LOC_STRINGS = NO;
				SWIFT_VERSION = 5.0;
				TARGETED_DEVICE_FAMILY = "1,2";
				TEST_TARGET_NAME = IGListKitt;
			};
			name = Release;
		};
/* End XCBuildConfiguration section */

/* Begin XCConfigurationList section */
		6A812C632C7295CF00E252E6 /* Build configuration list for PBXProject "IGListKitt" */ = {
			isa = XCConfigurationList;
			buildConfigurations = (
				6A812C902C7295D000E252E6 /* Debug */,
				6A812C912C7295D000E252E6 /* Release */,
			);
			defaultConfigurationIsVisible = 0;
			defaultConfigurationName = Release;
		};
		6A812C922C7295D000E252E6 /* Build configuration list for PBXNativeTarget "IGListKitt" */ = {
			isa = XCConfigurationList;
			buildConfigurations = (
				6A812C932C7295D000E252E6 /* Debug */,
				6A812C942C7295D000E252E6 /* Release */,
			);
			defaultConfigurationIsVisible = 0;
			defaultConfigurationName = Release;
		};
		6A812C952C7295D000E252E6 /* Build configuration list for PBXNativeTarget "IGListKittTests" */ = {
			isa = XCConfigurationList;
			buildConfigurations = (
				6A812C962C7295D000E252E6 /* Debug */,
				6A812C972C7295D000E252E6 /* Release */,
			);
			defaultConfigurationIsVisible = 0;
			defaultConfigurationName = Release;
		};
		6A812C982C7295D000E252E6 /* Build configuration list for PBXNativeTarget "IGListKittUITests" */ = {
			isa = XCConfigurationList;
			buildConfigurations = (
				6A812C992C7295D000E252E6 /* Debug */,
				6A812C9A2C7295D000E252E6 /* Release */,
			);
			defaultConfigurationIsVisible = 0;
			defaultConfigurationName = Release;
		};
/* End XCConfigurationList section */

/* Begin XCRemoteSwiftPackageReference section */
		6A812C9B2C72960900E252E6 /* XCRemoteSwiftPackageReference "IGListKit" */ = {
			isa = XCRemoteSwiftPackageReference;
			repositoryURL = "https://github.com/Instagram/IGListKit.git";
			requirement = {
				kind = upToNextMajorVersion;
				minimumVersion = 5.0.0;
			};
		};
/* End XCRemoteSwiftPackageReference section */

/* Begin XCSwiftPackageProductDependency section */
		6A812C9C2C72960900E252E6 /* IGListKit */ = {
			isa = XCSwiftPackageProductDependency;
			package = 6A812C9B2C72960900E252E6 /* XCRemoteSwiftPackageReference "IGListKit" */;
			productName = IGListKit;
		};
/* End XCSwiftPackageProductDependency section */
	};
	rootObject = 6A812C602C7295CF00E252E6 /* Project object */;
}
