{
  "originHash" : "75b4c6809a44e4eb0c1cb95fcf0711b81a7b7b477707b79ce59384b4784bc24a",
  "pins" : [
    {
      "identity" : "iglistkit",
      "kind" : "remoteSourceControl",
      "location" : "https://github.com/Instagram/IGListKit.git",
      "state" : {
        "revision" : "baf38ea4d438ef3cc6c6deb8615e1910e03f02bb",
        "version" : "5.0.0"
      }
    }
  ],
  "version" : 3
}
